
Microsoft Visual Studio Solution File, Format Version 12.00
# Visual Studio Version 16
VisualStudioVersion = 16.0.31729.503
MinimumVisualStudioVersion = 10.0.40219.1
Project("{FAE04EC0-301F-11D3-BF4B-00C04F79EFBC}") = "AssetManagement", "AssetManagement\AssetManagement.csproj", "{2F600E94-D679-43C4-AA36-2777E3EF487E}"
EndProject
Global
	GlobalSection(SolutionConfigurationPlatforms) = preSolution
		Debug|Any CPU = Debug|Any CPU
		Release|Any CPU = Release|Any CPU
	EndGlobalSection
	GlobalSection(ProjectConfigurationPlatforms) = postSolution
		{2F600E94-D679-43C4-AA36-2777E3EF487E}.Debug|Any CPU.ActiveCfg = Debug|Any CPU
		{2F600E94-D679-43C4-AA36-2777E3EF487E}.Debug|Any CPU.Build.0 = Debug|Any CPU
		{2F600E94-D679-43C4-AA36-2777E3EF487E}.Release|Any CPU.ActiveCfg = Release|Any CPU
		{2F600E94-D679-43C4-AA36-2777E3EF487E}.Release|Any CPU.Build.0 = Release|Any CPU
	EndGlobalSection
	GlobalSection(SolutionProperties) = preSolution
		HideSolutionNode = FALSE
	EndGlobalSection
	GlobalSection(ExtensibilityGlobals) = postSolution
		SolutionGuid = {3855CD0A-826D-423F-B68B-19595B8870C6}
	EndGlobalSection
EndGlobal
